
Microsoft Visual Studio Solution File, Format Version 12.00
# Visual Studio Version 16
VisualStudioVersion = 16.0.30128.36
MinimumVisualStudioVersion = 10.0.40219.1
Project("{9A19103F-16F7-4668-BE54-9A1E7A4F7556}") = "Germes", "Germes\Germes.csproj", "{F731A3E4-6B1E-46A8-987D-111AED8F7C00}"
EndProject
Project("{E53339B2-1760-4266-BCC7-CA923CBCF16C}") = "docker-compose", "docker-compose.dcproj", "{05AB90E7-21BF-4967-8637-08CC9741DF1B}"
EndProject
Project("{9A19103F-16F7-4668-BE54-9A1E7A4F7556}") = "Ngrok.Adapter", "Ngrok.Adapter\Ngrok.Adapter.csproj", "{CF190DA3-A73D-42F7-8D38-BD895B11D9CD}"
EndProject
Project("{FAE04EC0-301F-11D3-BF4B-00C04F79EFBC}") = "Germes.Test", "Germes.Test\Germes.Test.csproj", "{C548D262-8A4F-41F9-BA21-2711DE5F854E}"
EndProject
Global
	GlobalSection(SolutionConfigurationPlatforms) = preSolution
		Debug|Any CPU = Debug|Any CPU
		Release|Any CPU = Release|Any CPU
	EndGlobalSection
	GlobalSection(ProjectConfigurationPlatforms) = postSolution
		{F731A3E4-6B1E-46A8-987D-111AED8F7C00}.Debug|Any CPU.ActiveCfg = Debug|Any CPU
		{F731A3E4-6B1E-46A8-987D-111AED8F7C00}.Debug|Any CPU.Build.0 = Debug|Any CPU
		{F731A3E4-6B1E-46A8-987D-111AED8F7C00}.Release|Any CPU.ActiveCfg = Release|Any CPU
		{F731A3E4-6B1E-46A8-987D-111AED8F7C00}.Release|Any CPU.Build.0 = Release|Any CPU
		{05AB90E7-21BF-4967-8637-08CC9741DF1B}.Debug|Any CPU.ActiveCfg = Debug|Any CPU
		{05AB90E7-21BF-4967-8637-08CC9741DF1B}.Debug|Any CPU.Build.0 = Debug|Any CPU
		{05AB90E7-21BF-4967-8637-08CC9741DF1B}.Release|Any CPU.ActiveCfg = Release|Any CPU
		{05AB90E7-21BF-4967-8637-08CC9741DF1B}.Release|Any CPU.Build.0 = Release|Any CPU
		{CF190DA3-A73D-42F7-8D38-BD895B11D9CD}.Debug|Any CPU.ActiveCfg = Debug|Any CPU
		{CF190DA3-A73D-42F7-8D38-BD895B11D9CD}.Debug|Any CPU.Build.0 = Debug|Any CPU
		{CF190DA3-A73D-42F7-8D38-BD895B11D9CD}.Release|Any CPU.ActiveCfg = Release|Any CPU
		{CF190DA3-A73D-42F7-8D38-BD895B11D9CD}.Release|Any CPU.Build.0 = Release|Any CPU
		{C548D262-8A4F-41F9-BA21-2711DE5F854E}.Debug|Any CPU.ActiveCfg = Debug|Any CPU
		{C548D262-8A4F-41F9-BA21-2711DE5F854E}.Debug|Any CPU.Build.0 = Debug|Any CPU
		{C548D262-8A4F-41F9-BA21-2711DE5F854E}.Release|Any CPU.ActiveCfg = Release|Any CPU
		{C548D262-8A4F-41F9-BA21-2711DE5F854E}.Release|Any CPU.Build.0 = Release|Any CPU
	EndGlobalSection
	GlobalSection(SolutionProperties) = preSolution
		HideSolutionNode = FALSE
	EndGlobalSection
	GlobalSection(ExtensibilityGlobals) = postSolution
		SolutionGuid = {F9B10872-7FA7-4EDE-8A50-EC8D4DB1D1BD}
	EndGlobalSection
EndGlobal
